
Microsoft Visual Studio Solution File, Format Version 12.00
# Visual Studio Version 16
VisualStudioVersion = 16.0.30406.217
MinimumVisualStudioVersion = 10.0.40219.1
Project("{FAE04EC0-301F-11D3-BF4B-00C04F79EFBC}") = "projectRedis", "projectRedis.csproj", "{6530487B-0DEE-4A02-9A95-CAE9BBFDEB63}"
EndProject
Global
	GlobalSection(SolutionConfigurationPlatforms) = preSolution
		Debug|Any CPU = Debug|Any CPU
		Release|Any CPU = Release|Any CPU
	EndGlobalSection
	GlobalSection(ProjectConfigurationPlatforms) = postSolution
		{6530487B-0DEE-4A02-9A95-CAE9BBFDEB63}.Debug|Any CPU.ActiveCfg = Debug|Any CPU
		{6530487B-0DEE-4A02-9A95-CAE9BBFDEB63}.Debug|Any CPU.Build.0 = Debug|Any CPU
		{6530487B-0DEE-4A02-9A95-CAE9BBFDEB63}.Release|Any CPU.ActiveCfg = Release|Any CPU
		{6530487B-0DEE-4A02-9A95-CAE9BBFDEB63}.Release|Any CPU.Build.0 = Release|Any CPU
	EndGlobalSection
	GlobalSection(SolutionProperties) = preSolution
		HideSolutionNode = FALSE
	EndGlobalSection
	GlobalSection(ExtensibilityGlobals) = postSolution
		SolutionGuid = {3C4647EF-D0A5-4D6C-871F-900F29F180CB}
	EndGlobalSection
EndGlobal
